
Microsoft Visual Studio Solution File, Format Version 12.00
# Visual Studio Version 17
VisualStudioVersion = 17.3.32804.467
MinimumVisualStudioVersion = 10.0.40219.1
Project("{FAE04EC0-301F-11D3-BF4B-00C04F79EFBC}") = "AnimalManagementSystem", "AnimalManagementSystem\AnimalManagementSystem.csproj", "{D3D32627-D794-4376-85C5-6AAC1C0E6AFA}"
EndProject
Global
	GlobalSection(SolutionConfigurationPlatforms) = preSolution
		Debug|Any CPU = Debug|Any CPU
		Release|Any CPU = Release|Any CPU
	EndGlobalSection
	GlobalSection(ProjectConfigurationPlatforms) = postSolution
		{D3D32627-D794-4376-85C5-6AAC1C0E6AFA}.Debug|Any CPU.ActiveCfg = Debug|Any CPU
		{D3D32627-D794-4376-85C5-6AAC1C0E6AFA}.Debug|Any CPU.Build.0 = Debug|Any CPU
		{D3D32627-D794-4376-85C5-6AAC1C0E6AFA}.Release|Any CPU.ActiveCfg = Release|Any CPU
		{D3D32627-D794-4376-85C5-6AAC1C0E6AFA}.Release|Any CPU.Build.0 = Release|Any CPU
	EndGlobalSection
	GlobalSection(SolutionProperties) = preSolution
		HideSolutionNode = FALSE
	EndGlobalSection
	GlobalSection(ExtensibilityGlobals) = postSolution
		SolutionGuid = {54694C8D-8A46-40A3-829F-2CFCFC683749}
	EndGlobalSection
EndGlobal
